
Microsoft Visual Studio Solution File, Format Version 12.00
# Visual Studio 14
VisualStudioVersion = 14.0.24720.0
MinimumVisualStudioVersion = 10.0.40219.1
Project("{FAE04EC0-301F-11D3-BF4B-00C04F79EFBC}") = "GlobalAzureBootcampReport", "GlobalAzureBootcampReport\GlobalAzureBootcampReport.csproj", "{DCF4C1BD-2880-4CC8-9998-66920CAB8720}"
EndProject
Global
	GlobalSection(SolutionConfigurationPlatforms) = preSolution
		Debug|Any CPU = Debug|Any CPU
		Release|Any CPU = Release|Any CPU
	EndGlobalSection
	GlobalSection(ProjectConfigurationPlatforms) = postSolution
		{DCF4C1BD-2880-4CC8-9998-66920CAB8720}.Debug|Any CPU.ActiveCfg = Debug|Any CPU
		{DCF4C1BD-2880-4CC8-9998-66920CAB8720}.Debug|Any CPU.Build.0 = Debug|Any CPU
		{DCF4C1BD-2880-4CC8-9998-66920CAB8720}.Release|Any CPU.ActiveCfg = Release|Any CPU
		{DCF4C1BD-2880-4CC8-9998-66920CAB8720}.Release|Any CPU.Build.0 = Release|Any CPU
	EndGlobalSection
	GlobalSection(SolutionProperties) = preSolution
		HideSolutionNode = FALSE
	EndGlobalSection
EndGlobal
